
Microsoft Visual Studio Solution File, Format Version 12.00
# Visual Studio Version 16
VisualStudioVersion = 16.0.29020.237
MinimumVisualStudioVersion = 10.0.40219.1
Project("{FAE04EC0-301F-11D3-BF4B-00C04F79EFBC}") = "04-Fiap.Web.AspNet", "04-Fiap.Web.AspNet\04-Fiap.Web.AspNet.csproj", "{AAF82145-A8A8-4686-A016-7EE598B21CBC}"
EndProject
Global
	GlobalSection(SolutionConfigurationPlatforms) = preSolution
		Debug|Any CPU = Debug|Any CPU
		Release|Any CPU = Release|Any CPU
	EndGlobalSection
	GlobalSection(ProjectConfigurationPlatforms) = postSolution
		{AAF82145-A8A8-4686-A016-7EE598B21CBC}.Debug|Any CPU.ActiveCfg = Debug|Any CPU
		{AAF82145-A8A8-4686-A016-7EE598B21CBC}.Debug|Any CPU.Build.0 = Debug|Any CPU
		{AAF82145-A8A8-4686-A016-7EE598B21CBC}.Release|Any CPU.ActiveCfg = Release|Any CPU
		{AAF82145-A8A8-4686-A016-7EE598B21CBC}.Release|Any CPU.Build.0 = Release|Any CPU
	EndGlobalSection
	GlobalSection(SolutionProperties) = preSolution
		HideSolutionNode = FALSE
	EndGlobalSection
	GlobalSection(ExtensibilityGlobals) = postSolution
		SolutionGuid = {C9FE50B6-E594-432E-B128-3D2FE5F0D20C}
	EndGlobalSection
EndGlobal
